
Microsoft Visual Studio Solution File, Format Version 12.00
# Visual Studio Version 17
VisualStudioVersion = 17.10.35013.160
MinimumVisualStudioVersion = 10.0.40219.1
Project("{FAE04EC0-301F-11D3-BF4B-00C04F79EFBC}") = "BulkyWeb_Test", "BulkyWeb_Test\BulkyWeb_Test.csproj", "{F338EA91-7390-4EBB-92F2-F3D6D2D86E76}"
EndProject
Global
	GlobalSection(SolutionConfigurationPlatforms) = preSolution
		Debug|Any CPU = Debug|Any CPU
		Release|Any CPU = Release|Any CPU
	EndGlobalSection
	GlobalSection(ProjectConfigurationPlatforms) = postSolution
		{F338EA91-7390-4EBB-92F2-F3D6D2D86E76}.Debug|Any CPU.ActiveCfg = Debug|Any CPU
		{F338EA91-7390-4EBB-92F2-F3D6D2D86E76}.Debug|Any CPU.Build.0 = Debug|Any CPU
		{F338EA91-7390-4EBB-92F2-F3D6D2D86E76}.Release|Any CPU.ActiveCfg = Release|Any CPU
		{F338EA91-7390-4EBB-92F2-F3D6D2D86E76}.Release|Any CPU.Build.0 = Release|Any CPU
	EndGlobalSection
	GlobalSection(SolutionProperties) = preSolution
		HideSolutionNode = FALSE
	EndGlobalSection
	GlobalSection(ExtensibilityGlobals) = postSolution
		SolutionGuid = {0393D7B5-0693-4326-ACA8-793F02394424}
	EndGlobalSection
EndGlobal
